
Microsoft Visual Studio Solution File, Format Version 12.00
# Visual Studio Version 16
VisualStudioVersion = 16.0.30711.63
MinimumVisualStudioVersion = 10.0.40219.1
Project("{9A19103F-16F7-4668-BE54-9A1E7A4F7556}") = "AuctionApi", "AuctionApi\AuctionApi.csproj", "{7A462AB3-3776-468B-BF0F-BA426FC67153}"
EndProject
Project("{9A19103F-16F7-4668-BE54-9A1E7A4F7556}") = "AuctionApi.Common", "AuctionApi.Common\AuctionApi.Common.csproj", "{29658BF2-0DA6-498C-9821-4CF84792862F}"
EndProject
Global
	GlobalSection(SolutionConfigurationPlatforms) = preSolution
		Debug|Any CPU = Debug|Any CPU
		Release|Any CPU = Release|Any CPU
	EndGlobalSection
	GlobalSection(ProjectConfigurationPlatforms) = postSolution
		{7A462AB3-3776-468B-BF0F-BA426FC67153}.Debug|Any CPU.ActiveCfg = Debug|Any CPU
		{7A462AB3-3776-468B-BF0F-BA426FC67153}.Debug|Any CPU.Build.0 = Debug|Any CPU
		{7A462AB3-3776-468B-BF0F-BA426FC67153}.Release|Any CPU.ActiveCfg = Release|Any CPU
		{7A462AB3-3776-468B-BF0F-BA426FC67153}.Release|Any CPU.Build.0 = Release|Any CPU
		{29658BF2-0DA6-498C-9821-4CF84792862F}.Debug|Any CPU.ActiveCfg = Debug|Any CPU
		{29658BF2-0DA6-498C-9821-4CF84792862F}.Debug|Any CPU.Build.0 = Debug|Any CPU
		{29658BF2-0DA6-498C-9821-4CF84792862F}.Release|Any CPU.ActiveCfg = Release|Any CPU
		{29658BF2-0DA6-498C-9821-4CF84792862F}.Release|Any CPU.Build.0 = Release|Any CPU
	EndGlobalSection
	GlobalSection(SolutionProperties) = preSolution
		HideSolutionNode = FALSE
	EndGlobalSection
	GlobalSection(ExtensibilityGlobals) = postSolution
		SolutionGuid = {DE85DCC5-BA18-4919-86A8-FCC3CB3C09E8}
	EndGlobalSection
EndGlobal
